
Microsoft Visual Studio Solution File, Format Version 12.00
# Visual Studio Version 16
VisualStudioVersion = 16.0.31624.102
MinimumVisualStudioVersion = 10.0.40219.1
Project("{FAE04EC0-301F-11D3-BF4B-00C04F79EFBC}") = "BankAccount", "BankAccount\BankAccount.csproj", "{118C64F1-6473-4B02-92F8-EEF56CF0CD59}"
EndProject
Global
	GlobalSection(SolutionConfigurationPlatforms) = preSolution
		Debug|Any CPU = Debug|Any CPU
		Release|Any CPU = Release|Any CPU
	EndGlobalSection
	GlobalSection(ProjectConfigurationPlatforms) = postSolution
		{118C64F1-6473-4B02-92F8-EEF56CF0CD59}.Debug|Any CPU.ActiveCfg = Debug|Any CPU
		{118C64F1-6473-4B02-92F8-EEF56CF0CD59}.Debug|Any CPU.Build.0 = Debug|Any CPU
		{118C64F1-6473-4B02-92F8-EEF56CF0CD59}.Release|Any CPU.ActiveCfg = Release|Any CPU
		{118C64F1-6473-4B02-92F8-EEF56CF0CD59}.Release|Any CPU.Build.0 = Release|Any CPU
	EndGlobalSection
	GlobalSection(SolutionProperties) = preSolution
		HideSolutionNode = FALSE
	EndGlobalSection
	GlobalSection(ExtensibilityGlobals) = postSolution
		SolutionGuid = {502AF467-CAF8-4DDD-BC0A-884C562FC156}
	EndGlobalSection
EndGlobal
